{
  "name": "noted",
  "version": "1.0.0",
  "lockfileVersion": 1,
  "requires": true,
  "dependencies": {
    "concurrent": {
      "version": "0.3.2",
      "resolved": "https://registry.npmjs.org/concurrent/-/concurrent-0.3.2.tgz",
      "integrity": "sha1-DqoAEaFXmMVjURKPIiR/biMX9Q4="
    }
  }
}
